// !$*UTF8*$!
{
	archiveVersion = 1;
	classes = {
	};
	objectVersion = 55;
	objects = {

/* Begin PBXBuildFile section */
		8F679F9429A03828008946DA /* ITaskManager.swift in Sources */ = {isa = PBXBuildFile; fileRef = 8F679F9329A03828008946DA /* ITaskManager.swift */; };
		8F679F9629A03A45008946DA /* OrderedTaskManager.swift in Sources */ = {isa = PBXBuildFile; fileRef = 8F679F9529A03A45008946DA /* OrderedTaskManager.swift */; };
		8F679F9829A03E70008946DA /* ISectionForTaskManager.swift in Sources */ = {isa = PBXBuildFile; fileRef = 8F679F9729A03E70008946DA /* ISectionForTaskManager.swift */; };
		8F869CC2299D5E8400ECE8DB /* ITaskRepository.swift in Sources */ = {isa = PBXBuildFile; fileRef = 8F869CC1299D5E8400ECE8DB /* ITaskRepository.swift */; };
		8FBE05FA2996DFDF008D0AD5 /* AppDelegate.swift in Sources */ = {isa = PBXBuildFile; fileRef = 8FBE05F92996DFDF008D0AD5 /* AppDelegate.swift */; };
		8FBE05FC2996DFDF008D0AD5 /* SceneDelegate.swift in Sources */ = {isa = PBXBuildFile; fileRef = 8FBE05FB2996DFDF008D0AD5 /* SceneDelegate.swift */; };
		8FBE05FE2996DFDF008D0AD5 /* TaskListViewController.swift in Sources */ = {isa = PBXBuildFile; fileRef = 8FBE05FD2996DFDF008D0AD5 /* TaskListViewController.swift */; };
		8FBE06012996DFDF008D0AD5 /* Main.storyboard in Resources */ = {isa = PBXBuildFile; fileRef = 8FBE05FF2996DFDF008D0AD5 /* Main.storyboard */; };
		8FBE06032996DFE4008D0AD5 /* Assets.xcassets in Resources */ = {isa = PBXBuildFile; fileRef = 8FBE06022996DFE4008D0AD5 /* Assets.xcassets */; };
		8FBE06062996DFE4008D0AD5 /* LaunchScreen.storyboard in Resources */ = {isa = PBXBuildFile; fileRef = 8FBE06042996DFE4008D0AD5 /* LaunchScreen.storyboard */; };
		8FBE060E2996E0BD008D0AD5 /* TaskManager.swift in Sources */ = {isa = PBXBuildFile; fileRef = 8FBE060D2996E0BD008D0AD5 /* TaskManager.swift */; };
		8FBE06112996E137008D0AD5 /* Task.swift in Sources */ = {isa = PBXBuildFile; fileRef = 8FBE06102996E137008D0AD5 /* Task.swift */; };
/* End PBXBuildFile section */

/* Begin PBXFileReference section */
		8F679F9329A03828008946DA /* ITaskManager.swift */ = {isa = PBXFileReference; lastKnownFileType = sourcecode.swift; path = ITaskManager.swift; sourceTree = "<group>"; };
		8F679F9529A03A45008946DA /* OrderedTaskManager.swift */ = {isa = PBXFileReference; lastKnownFileType = sourcecode.swift; path = OrderedTaskManager.swift; sourceTree = "<group>"; };
		8F679F9729A03E70008946DA /* ISectionForTaskManager.swift */ = {isa = PBXFileReference; lastKnownFileType = sourcecode.swift; path = ISectionForTaskManager.swift; sourceTree = "<group>"; };
		8F869CC1299D5E8400ECE8DB /* ITaskRepository.swift */ = {isa = PBXFileReference; lastKnownFileType = sourcecode.swift; path = ITaskRepository.swift; sourceTree = "<group>"; };
		8FBE05F62996DFDF008D0AD5 /* ToDoList.app */ = {isa = PBXFileReference; explicitFileType = wrapper.application; includeInIndex = 0; path = ToDoList.app; sourceTree = BUILT_PRODUCTS_DIR; };
		8FBE05F92996DFDF008D0AD5 /* AppDelegate.swift */ = {isa = PBXFileReference; lastKnownFileType = sourcecode.swift; path = AppDelegate.swift; sourceTree = "<group>"; };
		8FBE05FB2996DFDF008D0AD5 /* SceneDelegate.swift */ = {isa = PBXFileReference; lastKnownFileType = sourcecode.swift; path = SceneDelegate.swift; sourceTree = "<group>"; };
		8FBE05FD2996DFDF008D0AD5 /* TaskListViewController.swift */ = {isa = PBXFileReference; lastKnownFileType = sourcecode.swift; path = TaskListViewController.swift; sourceTree = "<group>"; };
		8FBE06002996DFDF008D0AD5 /* Base */ = {isa = PBXFileReference; lastKnownFileType = file.storyboard; name = Base; path = Base.lproj/Main.storyboard; sourceTree = "<group>"; };
		8FBE06022996DFE4008D0AD5 /* Assets.xcassets */ = {isa = PBXFileReference; lastKnownFileType = folder.assetcatalog; path = Assets.xcassets; sourceTree = "<group>"; };
		8FBE06052996DFE4008D0AD5 /* Base */ = {isa = PBXFileReference; lastKnownFileType = file.storyboard; name = Base; path = Base.lproj/LaunchScreen.storyboard; sourceTree = "<group>"; };
		8FBE06072996DFE4008D0AD5 /* Info.plist */ = {isa = PBXFileReference; lastKnownFileType = text.plist.xml; path = Info.plist; sourceTree = "<group>"; };
		8FBE060D2996E0BD008D0AD5 /* TaskManager.swift */ = {isa = PBXFileReference; lastKnownFileType = sourcecode.swift; path = TaskManager.swift; sourceTree = "<group>"; };
		8FBE06102996E137008D0AD5 /* Task.swift */ = {isa = PBXFileReference; lastKnownFileType = sourcecode.swift; path = Task.swift; sourceTree = "<group>"; };
/* End PBXFileReference section */

/* Begin PBXFrameworksBuildPhase section */
		8FBE05F32996DFDF008D0AD5 /* Frameworks */ = {
			isa = PBXFrameworksBuildPhase;
			buildActionMask = 2147483647;
			files = (
			);
			runOnlyForDeploymentPostprocessing = 0;
		};
/* End PBXFrameworksBuildPhase section */

/* Begin PBXGroup section */
		8FBE05ED2996DFDF008D0AD5 = {
			isa = PBXGroup;
			children = (
				8FBE05F82996DFDF008D0AD5 /* ToDoList */,
				8FBE05F72996DFDF008D0AD5 /* Products */,
			);
			sourceTree = "<group>";
		};
		8FBE05F72996DFDF008D0AD5 /* Products */ = {
			isa = PBXGroup;
			children = (
				8FBE05F62996DFDF008D0AD5 /* ToDoList.app */,
			);
			name = Products;
			sourceTree = "<group>";
		};
		8FBE05F82996DFDF008D0AD5 /* ToDoList */ = {
			isa = PBXGroup;
			children = (
				8FBE05F92996DFDF008D0AD5 /* AppDelegate.swift */,
				8FBE05FB2996DFDF008D0AD5 /* SceneDelegate.swift */,
				8FBE060F2996E125008D0AD5 /* Services */,
				8FBE06122996E13C008D0AD5 /* Models */,
				8FBE06132996E365008D0AD5 /* ViewControllers */,
				8FBE05FF2996DFDF008D0AD5 /* Main.storyboard */,
				8FBE06042996DFE4008D0AD5 /* LaunchScreen.storyboard */,
				8FBE06022996DFE4008D0AD5 /* Assets.xcassets */,
				8FBE06072996DFE4008D0AD5 /* Info.plist */,
			);
			path = ToDoList;
			sourceTree = "<group>";
		};
		8FBE060F2996E125008D0AD5 /* Services */ = {
			isa = PBXGroup;
			children = (
				8FBE060D2996E0BD008D0AD5 /* TaskManager.swift */,
				8F679F9329A03828008946DA /* ITaskManager.swift */,
				8F679F9529A03A45008946DA /* OrderedTaskManager.swift */,
				8F679F9729A03E70008946DA /* ISectionForTaskManager.swift */,
				8F869CC1299D5E8400ECE8DB /* ITaskRepository.swift */,
			);
			path = Services;
			sourceTree = "<group>";
		};
		8FBE06122996E13C008D0AD5 /* Models */ = {
			isa = PBXGroup;
			children = (
				8FBE06102996E137008D0AD5 /* Task.swift */,
			);
			path = Models;
			sourceTree = "<group>";
		};
		8FBE06132996E365008D0AD5 /* ViewControllers */ = {
			isa = PBXGroup;
			children = (
				8FBE05FD2996DFDF008D0AD5 /* TaskListViewController.swift */,
			);
			path = ViewControllers;
			sourceTree = "<group>";
		};
/* End PBXGroup section */

/* Begin PBXNativeTarget section */
		8FBE05F52996DFDF008D0AD5 /* ToDoList */ = {
			isa = PBXNativeTarget;
			buildConfigurationList = 8FBE060A2996DFE4008D0AD5 /* Build configuration list for PBXNativeTarget "ToDoList" */;
			buildPhases = (
				8FBE05F22996DFDF008D0AD5 /* Sources */,
				8FBE05F32996DFDF008D0AD5 /* Frameworks */,
				8FBE05F42996DFDF008D0AD5 /* Resources */,
			);
			buildRules = (
			);
			dependencies = (
			);
			name = ToDoList;
			productName = ToDoList;
			productReference = 8FBE05F62996DFDF008D0AD5 /* ToDoList.app */;
			productType = "com.apple.product-type.application";
		};
/* End PBXNativeTarget section */

/* Begin PBXProject section */
		8FBE05EE2996DFDF008D0AD5 /* Project object */ = {
			isa = PBXProject;
			attributes = {
				BuildIndependentTargetsInParallel = 1;
				LastSwiftUpdateCheck = 1340;
				LastUpgradeCheck = 1340;
				TargetAttributes = {
					8FBE05F52996DFDF008D0AD5 = {
						CreatedOnToolsVersion = 13.4.1;
					};
				};
			};
			buildConfigurationList = 8FBE05F12996DFDF008D0AD5 /* Build configuration list for PBXProject "ToDoList" */;
			compatibilityVersion = "Xcode 13.0";
			developmentRegion = en;
			hasScannedForEncodings = 0;
			knownRegions = (
				en,
				Base,
			);
			mainGroup = 8FBE05ED2996DFDF008D0AD5;
			productRefGroup = 8FBE05F72996DFDF008D0AD5 /* Products */;
			projectDirPath = "";
			projectRoot = "";
			targets = (
				8FBE05F52996DFDF008D0AD5 /* ToDoList */,
			);
		};
/* End PBXProject section */

/* Begin PBXResourcesBuildPhase section */
		8FBE05F42996DFDF008D0AD5 /* Resources */ = {
			isa = PBXResourcesBuildPhase;
			buildActionMask = 2147483647;
			files = (
				8FBE06062996DFE4008D0AD5 /* LaunchScreen.storyboard in Resources */,
				8FBE06032996DFE4008D0AD5 /* Assets.xcassets in Resources */,
				8FBE06012996DFDF008D0AD5 /* Main.storyboard in Resources */,
			);
			runOnlyForDeploymentPostprocessing = 0;
		};
/* End PBXResourcesBuildPhase section */

/* Begin PBXSourcesBuildPhase section */
		8FBE05F22996DFDF008D0AD5 /* Sources */ = {
			isa = PBXSourcesBuildPhase;
			buildActionMask = 2147483647;
			files = (
				8FBE05FE2996DFDF008D0AD5 /* TaskListViewController.swift in Sources */,
				8FBE05FA2996DFDF008D0AD5 /* AppDelegate.swift in Sources */,
				8F679F9829A03E70008946DA /* ISectionForTaskManager.swift in Sources */,
				8FBE06112996E137008D0AD5 /* Task.swift in Sources */,
				8FBE060E2996E0BD008D0AD5 /* TaskManager.swift in Sources */,
				8F679F9429A03828008946DA /* ITaskManager.swift in Sources */,
				8FBE05FC2996DFDF008D0AD5 /* SceneDelegate.swift in Sources */,
				8F679F9629A03A45008946DA /* OrderedTaskManager.swift in Sources */,
				8F869CC2299D5E8400ECE8DB /* ITaskRepository.swift in Sources */,
			);
			runOnlyForDeploymentPostprocessing = 0;
		};
/* End PBXSourcesBuildPhase section */

/* Begin PBXVariantGroup section */
		8FBE05FF2996DFDF008D0AD5 /* Main.storyboard */ = {
			isa = PBXVariantGroup;
			children = (
				8FBE06002996DFDF008D0AD5 /* Base */,
			);
			name = Main.storyboard;
			sourceTree = "<group>";
		};
		8FBE06042996DFE4008D0AD5 /* LaunchScreen.storyboard */ = {
			isa = PBXVariantGroup;
			children = (
				8FBE06052996DFE4008D0AD5 /* Base */,
			);
			name = LaunchScreen.storyboard;
			sourceTree = "<group>";
		};
/* End PBXVariantGroup section */

/* Begin XCBuildConfiguration section */
		8FBE06082996DFE4008D0AD5 /* Debug */ = {
			isa = XCBuildConfiguration;
			buildSettings = {
				ALWAYS_SEARCH_USER_PATHS = NO;
				CLANG_ANALYZER_NONNULL = YES;
				CLANG_ANALYZER_NUMBER_OBJECT_CONVERSION = YES_AGGRESSIVE;
				CLANG_CXX_LANGUAGE_STANDARD = "gnu++17";
				CLANG_ENABLE_MODULES = YES;
				CLANG_ENABLE_OBJC_ARC = YES;
				CLANG_ENABLE_OBJC_WEAK = YES;
				CLANG_WARN_BLOCK_CAPTURE_AUTORELEASING = YES;
				CLANG_WARN_BOOL_CONVERSION = YES;
				CLANG_WARN_COMMA = YES;
				CLANG_WARN_CONSTANT_CONVERSION = YES;
				CLANG_WARN_DEPRECATED_OBJC_IMPLEMENTATIONS = YES;
				CLANG_WARN_DIRECT_OBJC_ISA_USAGE = YES_ERROR;
				CLANG_WARN_DOCUMENTATION_COMMENTS = YES;
				CLANG_WARN_EMPTY_BODY = YES;
				CLANG_WARN_ENUM_CONVERSION = YES;
				CLANG_WARN_INFINITE_RECURSION = YES;
				CLANG_WARN_INT_CONVERSION = YES;
				CLANG_WARN_NON_LITERAL_NULL_CONVERSION = YES;
				CLANG_WARN_OBJC_IMPLICIT_RETAIN_SELF = YES;
				CLANG_WARN_OBJC_LITERAL_CONVERSION = YES;
				CLANG_WARN_OBJC_ROOT_CLASS = YES_ERROR;
				CLANG_WARN_QUOTED_INCLUDE_IN_FRAMEWORK_HEADER = YES;
				CLANG_WARN_RANGE_LOOP_ANALYSIS = YES;
				CLANG_WARN_STRICT_PROTOTYPES = YES;
				CLANG_WARN_SUSPICIOUS_MOVE = YES;
				CLANG_WARN_UNGUARDED_AVAILABILITY = YES_AGGRESSIVE;
				CLANG_WARN_UNREACHABLE_CODE = YES;
				CLANG_WARN__DUPLICATE_METHOD_MATCH = YES;
				COPY_PHASE_STRIP = NO;
				DEBUG_INFORMATION_FORMAT = dwarf;
				ENABLE_STRICT_OBJC_MSGSEND = YES;
				ENABLE_TESTABILITY = YES;
				GCC_C_LANGUAGE_STANDARD = gnu11;
				GCC_DYNAMIC_NO_PIC = NO;
				GCC_NO_COMMON_BLOCKS = YES;
				GCC_OPTIMIZATION_LEVEL = 0;
				GCC_PREPROCESSOR_DEFINITIONS = (
					"DEBUG=1",
					"$(inherited)",
				);
				GCC_WARN_64_TO_32_BIT_CONVERSION = YES;
				GCC_WARN_ABOUT_RETURN_TYPE = YES_ERROR;
				GCC_WARN_UNDECLARED_SELECTOR = YES;
				GCC_WARN_UNINITIALIZED_AUTOS = YES_AGGRESSIVE;
				GCC_WARN_UNUSED_FUNCTION = YES;
				GCC_WARN_UNUSED_VARIABLE = YES;
				IPHONEOS_DEPLOYMENT_TARGET = 15.5;
				MTL_ENABLE_DEBUG_INFO = INCLUDE_SOURCE;
				MTL_FAST_MATH = YES;
				ONLY_ACTIVE_ARCH = YES;
				SDKROOT = iphoneos;
				SWIFT_ACTIVE_COMPILATION_CONDITIONS = DEBUG;
				SWIFT_OPTIMIZATION_LEVEL = "-Onone";
			};
			name = Debug;
		};
		8FBE06092996DFE4008D0AD5 /* Release */ = {
			isa = XCBuildConfiguration;
			buildSettings = {
				ALWAYS_SEARCH_USER_PATHS = NO;
				CLANG_ANALYZER_NONNULL = YES;
				CLANG_ANALYZER_NUMBER_OBJECT_CONVERSION = YES_AGGRESSIVE;
				CLANG_CXX_LANGUAGE_STANDARD = "gnu++17";
				CLANG_ENABLE_MODULES = YES;
				CLANG_ENABLE_OBJC_ARC = YES;
				CLANG_ENABLE_OBJC_WEAK = YES;
				CLANG_WARN_BLOCK_CAPTURE_AUTORELEASING = YES;
				CLANG_WARN_BOOL_CONVERSION = YES;
				CLANG_WARN_COMMA = YES;
				CLANG_WARN_CONSTANT_CONVERSION = YES;
				CLANG_WARN_DEPRECATED_OBJC_IMPLEMENTATIONS = YES;
				CLANG_WARN_DIRECT_OBJC_ISA_USAGE = YES_ERROR;
				CLANG_WARN_DOCUMENTATION_COMMENTS = YES;
				CLANG_WARN_EMPTY_BODY = YES;
				CLANG_WARN_ENUM_CONVERSION = YES;
				CLANG_WARN_INFINITE_RECURSION = YES;
				CLANG_WARN_INT_CONVERSION = YES;
				CLANG_WARN_NON_LITERAL_NULL_CONVERSION = YES;
				CLANG_WARN_OBJC_IMPLICIT_RETAIN_SELF = YES;
				CLANG_WARN_OBJC_LITERAL_CONVERSION = YES;
				CLANG_WARN_OBJC_ROOT_CLASS = YES_ERROR;
				CLANG_WARN_QUOTED_INCLUDE_IN_FRAMEWORK_HEADER = YES;
				CLANG_WARN_RANGE_LOOP_ANALYSIS = YES;
				CLANG_WARN_STRICT_PROTOTYPES = YES;
				CLANG_WARN_SUSPICIOUS_MOVE = YES;
				CLANG_WARN_UNGUARDED_AVAILABILITY = YES_AGGRESSIVE;
				CLANG_WARN_UNREACHABLE_CODE = YES;
				CLANG_WARN__DUPLICATE_METHOD_MATCH = YES;
				COPY_PHASE_STRIP = NO;
				DEBUG_INFORMATION_FORMAT = "dwarf-with-dsym";
				ENABLE_NS_ASSERTIONS = NO;
				ENABLE_STRICT_OBJC_MSGSEND = YES;
				GCC_C_LANGUAGE_STANDARD = gnu11;
				GCC_NO_COMMON_BLOCKS = YES;
				GCC_WARN_64_TO_32_BIT_CONVERSION = YES;
				GCC_WARN_ABOUT_RETURN_TYPE = YES_ERROR;
				GCC_WARN_UNDECLARED_SELECTOR = YES;
				GCC_WARN_UNINITIALIZED_AUTOS = YES_AGGRESSIVE;
				GCC_WARN_UNUSED_FUNCTION = YES;
				GCC_WARN_UNUSED_VARIABLE = YES;
				IPHONEOS_DEPLOYMENT_TARGET = 15.5;
				MTL_ENABLE_DEBUG_INFO = NO;
				MTL_FAST_MATH = YES;
				SDKROOT = iphoneos;
				SWIFT_COMPILATION_MODE = wholemodule;
				SWIFT_OPTIMIZATION_LEVEL = "-O";
				VALIDATE_PRODUCT = YES;
			};
			name = Release;
		};
		8FBE060B2996DFE4008D0AD5 /* Debug */ = {
			isa = XCBuildConfiguration;
			buildSettings = {
				ASSETCATALOG_COMPILER_APPICON_NAME = AppIcon;
				ASSETCATALOG_COMPILER_GLOBAL_ACCENT_COLOR_NAME = AccentColor;
				CODE_SIGN_STYLE = Automatic;
				CURRENT_PROJECT_VERSION = 1;
				GENERATE_INFOPLIST_FILE = YES;
				INFOPLIST_FILE = ToDoList/Info.plist;
				INFOPLIST_KEY_UIApplicationSupportsIndirectInputEvents = YES;
				INFOPLIST_KEY_UILaunchStoryboardName = LaunchScreen;
				INFOPLIST_KEY_UIMainStoryboardFile = Main;
				INFOPLIST_KEY_UISupportedInterfaceOrientations_iPad = "UIInterfaceOrientationPortrait UIInterfaceOrientationPortraitUpsideDown UIInterfaceOrientationLandscapeLeft UIInterfaceOrientationLandscapeRight";
				INFOPLIST_KEY_UISupportedInterfaceOrientations_iPhone = "UIInterfaceOrientationPortrait UIInterfaceOrientationLandscapeLeft UIInterfaceOrientationLandscapeRight";
				LD_RUNPATH_SEARCH_PATHS = (
					"$(inherited)",
					"@executable_path/Frameworks",
				);
				MARKETING_VERSION = 1.0;
				PRODUCT_BUNDLE_IDENTIFIER = None.ToDoList;
				PRODUCT_NAME = "$(TARGET_NAME)";
				SWIFT_EMIT_LOC_STRINGS = YES;
				SWIFT_VERSION = 5.0;
				TARGETED_DEVICE_FAMILY = "1,2";
			};
			name = Debug;
		};
		8FBE060C2996DFE4008D0AD5 /* Release */ = {
			isa = XCBuildConfiguration;
			buildSettings = {
				ASSETCATALOG_COMPILER_APPICON_NAME = AppIcon;
				ASSETCATALOG_COMPILER_GLOBAL_ACCENT_COLOR_NAME = AccentColor;
				CODE_SIGN_STYLE = Automatic;
				CURRENT_PROJECT_VERSION = 1;
				GENERATE_INFOPLIST_FILE = YES;
				INFOPLIST_FILE = ToDoList/Info.plist;
				INFOPLIST_KEY_UIApplicationSupportsIndirectInputEvents = YES;
				INFOPLIST_KEY_UILaunchStoryboardName = LaunchScreen;
				INFOPLIST_KEY_UIMainStoryboardFile = Main;
				INFOPLIST_KEY_UISupportedInterfaceOrientations_iPad = "UIInterfaceOrientationPortrait UIInterfaceOrientationPortraitUpsideDown UIInterfaceOrientationLandscapeLeft UIInterfaceOrientationLandscapeRight";
				INFOPLIST_KEY_UISupportedInterfaceOrientations_iPhone = "UIInterfaceOrientationPortrait UIInterfaceOrientationLandscapeLeft UIInterfaceOrientationLandscapeRight";
				LD_RUNPATH_SEARCH_PATHS = (
					"$(inherited)",
					"@executable_path/Frameworks",
				);
				MARKETING_VERSION = 1.0;
				PRODUCT_BUNDLE_IDENTIFIER = None.ToDoList;
				PRODUCT_NAME = "$(TARGET_NAME)";
				SWIFT_EMIT_LOC_STRINGS = YES;
				SWIFT_VERSION = 5.0;
				TARGETED_DEVICE_FAMILY = "1,2";
			};
			name = Release;
		};
/* End XCBuildConfiguration section */

/* Begin XCConfigurationList section */
		8FBE05F12996DFDF008D0AD5 /* Build configuration list for PBXProject "ToDoList" */ = {
			isa = XCConfigurationList;
			buildConfigurations = (
				8FBE06082996DFE4008D0AD5 /* Debug */,
				8FBE06092996DFE4008D0AD5 /* Release */,
			);
			defaultConfigurationIsVisible = 0;
			defaultConfigurationName = Release;
		};
		8FBE060A2996DFE4008D0AD5 /* Build configuration list for PBXNativeTarget "ToDoList" */ = {
			isa = XCConfigurationList;
			buildConfigurations = (
				8FBE060B2996DFE4008D0AD5 /* Debug */,
				8FBE060C2996DFE4008D0AD5 /* Release */,
			);
			defaultConfigurationIsVisible = 0;
			defaultConfigurationName = Release;
		};
/* End XCConfigurationList section */
	};
	rootObject = 8FBE05EE2996DFDF008D0AD5 /* Project object */;
}
